
Microsoft Visual Studio Solution File, Format Version 12.00
# Visual Studio 2013
VisualStudioVersion = 12.0.31101.0
MinimumVisualStudioVersion = 10.0.40219.1
Project("{8BC9CEB8-8B4A-11D0-8D11-00A0C91BC942}") = "LT228", "LT228\LT228.vcxproj", "{5B0FA30F-03B3-4541-B9E9-AC7E2F71C783}"
EndProject
Project("{8BC9CEB8-8B4A-11D0-8D11-00A0C91BC942}") = "LT165", "LT165\LT165.vcxproj", "{A3147822-F1BC-41F0-ABA0-9815696DDC04}"
EndProject
Project("{FAE04EC0-301F-11D3-BF4B-00C04F79EFBC}") = "LTC165", "LTC165\LTC165.csproj", "{2EB2DAD6-AA7C-45A9-A560-70E51CF0990F}"
EndProject
Project("{8BC9CEB8-8B4A-11D0-8D11-00A0C91BC942}") = "LN158", "LN158\LN158.vcxproj", "{00E7968C-0ACA-4976-9662-D63AB8D45550}"
EndProject
Project("{8BC9CEB8-8B4A-11D0-8D11-00A0C91BC942}") = "KMP", "KMP\KMP.vcxproj", "{C7BD4354-38C6-43B4-B34D-0A7559C29594}"
EndProject
Project("{8BC9CEB8-8B4A-11D0-8D11-00A0C91BC942}") = "LN171", "LN171\LN171.vcxproj", "{3CDEDF2D-6B45-4929-A38F-A7AF4B57F1F9}"
EndProject
Project("{8BC9CEB8-8B4A-11D0-8D11-00A0C91BC942}") = "LN78", "LN78\LN78.vcxproj", "{A3A45B25-B67C-4DB0-A4A2-65DBD79A4451}"
EndProject
Project("{FAE04EC0-301F-11D3-BF4B-00C04F79EFBC}") = "LTC139", "LTC139\LTC139.csproj", "{64E8D146-A1E5-482C-8319-95E7A5872F92}"
EndProject
Project("{8BC9CEB8-8B4A-11D0-8D11-00A0C91BC942}") = "LT15", "LT15\LT15.vcxproj", "{F6BD596D-2003-4476-ACD9-0A0CA001BAEB}"
EndProject
Project("{8BC9CEB8-8B4A-11D0-8D11-00A0C91BC942}") = "LN59", "LN59\LN59.vcxproj", "{2DB48A92-0C0E-4AD0-9C1C-F69D4D863375}"
EndProject
Project("{8BC9CEB8-8B4A-11D0-8D11-00A0C91BC942}") = "LN141", "LN141\LN141.vcxproj", "{1ED19040-C097-4573-B007-A48497369DD3}"
EndProject
Project("{8BC9CEB8-8B4A-11D0-8D11-00A0C91BC942}") = "LN28", "LN28\LN28.vcxproj", "{BAB19686-3612-4AC8-9D09-2DAE408983B3}"
EndProject
Project("{8BC9CEB8-8B4A-11D0-8D11-00A0C91BC942}") = "LN159", "LN159\LN159.vcxproj", "{7BFF94F8-5484-4315-9B8B-68678B1A5596}"
EndProject
Project("{8BC9CEB8-8B4A-11D0-8D11-00A0C91BC942}") = "LN62", "LN62\LN62.vcxproj", "{BBAA04C6-C581-4DF8-8200-64DFFEF135B4}"
EndProject
Project("{8BC9CEB8-8B4A-11D0-8D11-00A0C91BC942}") = "LN114", "LN114\LN114.vcxproj", "{7505F6D5-A6F8-42A9-82C9-77D24FEC3288}"
EndProject
Project("{8BC9CEB8-8B4A-11D0-8D11-00A0C91BC942}") = "LN179", "LN179\LN179.vcxproj", "{4251921C-AF14-4727-A873-1FFA49EFAAC3}"
EndProject
Project("{8BC9CEB8-8B4A-11D0-8D11-00A0C91BC942}") = "LN-FastPower", "LN-FastPower\LN-FastPower.vcxproj", "{8650A261-3E16-429D-9EEF-CC18418F2843}"
EndProject
Project("{8BC9CEB8-8B4A-11D0-8D11-00A0C91BC942}") = "LN-binaryrepresentation", "LN-binaryrepresentation\LN-binaryrepresentation.vcxproj", "{CB704260-67E0-4F26-BA5A-121C1A602272}"
EndProject
Project("{8BC9CEB8-8B4A-11D0-8D11-00A0C91BC942}") = "LNLargest-number", "LNLargest-number\LNLargest-number.vcxproj", "{D732BEB5-0826-4E94-8E3E-FE9C967FBBC9}"
EndProject
Project("{8BC9CEB8-8B4A-11D0-8D11-00A0C91BC942}") = "reorderList", "reorderList\reorderList.vcxproj", "{81EF459D-3B09-4BAC-8A47-192D059543AC}"
EndProject
Project("{8BC9CEB8-8B4A-11D0-8D11-00A0C91BC942}") = "construct-binary-tree-from-preorder-and-inorder-traversal", "construct-binary-tree-from-preorder-and-inorder-traversal\construct-binary-tree-from-preorder-and-inorder-traversal.vcxproj", "{7EF5E0DF-A814-4FE5-9F6B-E7E317369E12}"
EndProject
Project("{8BC9CEB8-8B4A-11D0-8D11-00A0C91BC942}") = "binary-tree-serialization", "binary-tree-serialization\binary-tree-serialization.vcxproj", "{49D4F445-1137-4A2E-A30C-1B9F577A468D}"
EndProject
Project("{8BC9CEB8-8B4A-11D0-8D11-00A0C91BC942}") = "remove-node-in-binary-search-tree", "remove-node-in-binary-search-tree\remove-node-in-binary-search-tree.vcxproj", "{AC56ECC9-BFC4-4C5A-AC19-2DBB8086E5AA}"
EndProject
Project("{8BC9CEB8-8B4A-11D0-8D11-00A0C91BC942}") = "152combinations", "152combinations\152combinations.vcxproj", "{47AA7D68-B8F3-4055-B5EC-5E253AAB9873}"
EndProject
Project("{8BC9CEB8-8B4A-11D0-8D11-00A0C91BC942}") = "135combination-sum", "135combination-sum\135combination-sum.vcxproj", "{6C9F59E9-1F5D-4711-81EC-1A875CBAC50E}"
EndProject
Project("{8BC9CEB8-8B4A-11D0-8D11-00A0C91BC942}") = "120word-ladder", "120word-ladder\120word-ladder.vcxproj", "{EE913690-A710-4A83-B32C-B18DB66CA701}"
EndProject
Project("{8BC9CEB8-8B4A-11D0-8D11-00A0C91BC942}") = "18subsets-ii", "18subsets-ii\18subsets-ii.vcxproj", "{C51BEF17-06D8-4084-9581-A947496298B0}"
EndProject
Project("{8BC9CEB8-8B4A-11D0-8D11-00A0C91BC942}") = "permutations-ii", "permutations-ii\permutations-ii.vcxproj", "{712684C5-8776-4E8C-B743-61E776660E7D}"
EndProject
Project("{8BC9CEB8-8B4A-11D0-8D11-00A0C91BC942}") = "word-ladder-ii", "word-ladder-ii\word-ladder-ii.vcxproj", "{91749E77-868F-4479-8E98-9D126269DDA5}"
EndProject
Project("{8BC9CEB8-8B4A-11D0-8D11-00A0C91BC942}") = "unique-paths-ii", "unique-paths-ii\unique-paths-ii.vcxproj", "{A157473D-26A0-44C4-989C-DEBC160DB199}"
EndProject
Project("{8BC9CEB8-8B4A-11D0-8D11-00A0C91BC942}") = "triangle", "triangle\triangle.vcxproj", "{C8D3CBC3-7FFF-4CC9-AF3B-F256141AE0AA}"
EndProject
Project("{8BC9CEB8-8B4A-11D0-8D11-00A0C91BC942}") = "merge-k-sorted-lists", "merge-k-sorted-lists\merge-k-sorted-lists.vcxproj", "{A96ED663-7710-4E99-81D6-50AF651D0B97}"
EndProject
Project("{8BC9CEB8-8B4A-11D0-8D11-00A0C91BC942}") = "maximal-rectangle", "maximal-rectangle\maximal-rectangle.vcxproj", "{FA7C2095-A4CC-4E09-9EFC-C5BCA6748BEC}"
EndProject
Project("{8BC9CEB8-8B4A-11D0-8D11-00A0C91BC942}") = "largest-rectangle-in-histogram", "largest-rectangle-in-histogram\largest-rectangle-in-histogram.vcxproj", "{E762A3F0-2043-48B3-B3E1-B7EF44BE1F08}"
EndProject
Project("{8BC9CEB8-8B4A-11D0-8D11-00A0C91BC942}") = "kth-largest-element", "kth-largest-element\kth-largest-element.vcxproj", "{34B1D8EC-5819-40A3-B2CC-7FBAA39A4E61}"
EndProject
Project("{8BC9CEB8-8B4A-11D0-8D11-00A0C91BC942}") = "testnetease", "testnetease\testnetease.vcxproj", "{5BC6FFE1-20B5-489E-A288-1040FDE4D4B7}"
EndProject
Project("{8BC9CEB8-8B4A-11D0-8D11-00A0C91BC942}") = "best-time-to-buy-and-sell-stock-iii", "best-time-to-buy-and-sell-stock-iii\best-time-to-buy-and-sell-stock-iii.vcxproj", "{4CD939C1-5621-444B-86B2-CD1A0F9C1BC1}"
EndProject
Global
	GlobalSection(SolutionConfigurationPlatforms) = preSolution
		Debug|Any CPU = Debug|Any CPU
		Debug|Mixed Platforms = Debug|Mixed Platforms
		Debug|Win32 = Debug|Win32
		Release|Any CPU = Release|Any CPU
		Release|Mixed Platforms = Release|Mixed Platforms
		Release|Win32 = Release|Win32
	EndGlobalSection
	GlobalSection(ProjectConfigurationPlatforms) = postSolution
		{5B0FA30F-03B3-4541-B9E9-AC7E2F71C783}.Debug|Any CPU.ActiveCfg = Debug|Win32
		{5B0FA30F-03B3-4541-B9E9-AC7E2F71C783}.Debug|Mixed Platforms.ActiveCfg = Debug|Win32
		{5B0FA30F-03B3-4541-B9E9-AC7E2F71C783}.Debug|Mixed Platforms.Build.0 = Debug|Win32
		{5B0FA30F-03B3-4541-B9E9-AC7E2F71C783}.Debug|Win32.ActiveCfg = Debug|Win32
		{5B0FA30F-03B3-4541-B9E9-AC7E2F71C783}.Debug|Win32.Build.0 = Debug|Win32
		{5B0FA30F-03B3-4541-B9E9-AC7E2F71C783}.Release|Any CPU.ActiveCfg = Release|Win32
		{5B0FA30F-03B3-4541-B9E9-AC7E2F71C783}.Release|Mixed Platforms.ActiveCfg = Release|Win32
		{5B0FA30F-03B3-4541-B9E9-AC7E2F71C783}.Release|Mixed Platforms.Build.0 = Release|Win32
		{5B0FA30F-03B3-4541-B9E9-AC7E2F71C783}.Release|Win32.ActiveCfg = Release|Win32
		{5B0FA30F-03B3-4541-B9E9-AC7E2F71C783}.Release|Win32.Build.0 = Release|Win32
		{A3147822-F1BC-41F0-ABA0-9815696DDC04}.Debug|Any CPU.ActiveCfg = Debug|Win32
		{A3147822-F1BC-41F0-ABA0-9815696DDC04}.Debug|Mixed Platforms.ActiveCfg = Debug|Win32
		{A3147822-F1BC-41F0-ABA0-9815696DDC04}.Debug|Mixed Platforms.Build.0 = Debug|Win32
		{A3147822-F1BC-41F0-ABA0-9815696DDC04}.Debug|Win32.ActiveCfg = Debug|Win32
		{A3147822-F1BC-41F0-ABA0-9815696DDC04}.Debug|Win32.Build.0 = Debug|Win32
		{A3147822-F1BC-41F0-ABA0-9815696DDC04}.Release|Any CPU.ActiveCfg = Release|Win32
		{A3147822-F1BC-41F0-ABA0-9815696DDC04}.Release|Mixed Platforms.ActiveCfg = Release|Win32
		{A3147822-F1BC-41F0-ABA0-9815696DDC04}.Release|Mixed Platforms.Build.0 = Release|Win32
		{A3147822-F1BC-41F0-ABA0-9815696DDC04}.Release|Win32.ActiveCfg = Release|Win32
		{A3147822-F1BC-41F0-ABA0-9815696DDC04}.Release|Win32.Build.0 = Release|Win32
		{2EB2DAD6-AA7C-45A9-A560-70E51CF0990F}.Debug|Any CPU.ActiveCfg = Debug|Any CPU
		{2EB2DAD6-AA7C-45A9-A560-70E51CF0990F}.Debug|Any CPU.Build.0 = Debug|Any CPU
		{2EB2DAD6-AA7C-45A9-A560-70E51CF0990F}.Debug|Mixed Platforms.ActiveCfg = Debug|Any CPU
		{2EB2DAD6-AA7C-45A9-A560-70E51CF0990F}.Debug|Mixed Platforms.Build.0 = Debug|Any CPU
		{2EB2DAD6-AA7C-45A9-A560-70E51CF0990F}.Debug|Win32.ActiveCfg = Debug|Any CPU
		{2EB2DAD6-AA7C-45A9-A560-70E51CF0990F}.Release|Any CPU.ActiveCfg = Release|Any CPU
		{2EB2DAD6-AA7C-45A9-A560-70E51CF0990F}.Release|Any CPU.Build.0 = Release|Any CPU
		{2EB2DAD6-AA7C-45A9-A560-70E51CF0990F}.Release|Mixed Platforms.ActiveCfg = Release|Any CPU
		{2EB2DAD6-AA7C-45A9-A560-70E51CF0990F}.Release|Mixed Platforms.Build.0 = Release|Any CPU
		{2EB2DAD6-AA7C-45A9-A560-70E51CF0990F}.Release|Win32.ActiveCfg = Release|Any CPU
		{00E7968C-0ACA-4976-9662-D63AB8D45550}.Debug|Any CPU.ActiveCfg = Debug|Win32
		{00E7968C-0ACA-4976-9662-D63AB8D45550}.Debug|Mixed Platforms.ActiveCfg = Debug|Win32
		{00E7968C-0ACA-4976-9662-D63AB8D45550}.Debug|Mixed Platforms.Build.0 = Debug|Win32
		{00E7968C-0ACA-4976-9662-D63AB8D45550}.Debug|Win32.ActiveCfg = Debug|Win32
		{00E7968C-0ACA-4976-9662-D63AB8D45550}.Debug|Win32.Build.0 = Debug|Win32
		{00E7968C-0ACA-4976-9662-D63AB8D45550}.Release|Any CPU.ActiveCfg = Release|Win32
		{00E7968C-0ACA-4976-9662-D63AB8D45550}.Release|Mixed Platforms.ActiveCfg = Release|Win32
		{00E7968C-0ACA-4976-9662-D63AB8D45550}.Release|Mixed Platforms.Build.0 = Release|Win32
		{00E7968C-0ACA-4976-9662-D63AB8D45550}.Release|Win32.ActiveCfg = Release|Win32
		{00E7968C-0ACA-4976-9662-D63AB8D45550}.Release|Win32.Build.0 = Release|Win32
		{C7BD4354-38C6-43B4-B34D-0A7559C29594}.Debug|Any CPU.ActiveCfg = Debug|Win32
		{C7BD4354-38C6-43B4-B34D-0A7559C29594}.Debug|Mixed Platforms.ActiveCfg = Debug|Win32
		{C7BD4354-38C6-43B4-B34D-0A7559C29594}.Debug|Mixed Platforms.Build.0 = Debug|Win32
		{C7BD4354-38C6-43B4-B34D-0A7559C29594}.Debug|Win32.ActiveCfg = Debug|Win32
		{C7BD4354-38C6-43B4-B34D-0A7559C29594}.Debug|Win32.Build.0 = Debug|Win32
		{C7BD4354-38C6-43B4-B34D-0A7559C29594}.Release|Any CPU.ActiveCfg = Release|Win32
		{C7BD4354-38C6-43B4-B34D-0A7559C29594}.Release|Mixed Platforms.ActiveCfg = Release|Win32
		{C7BD4354-38C6-43B4-B34D-0A7559C29594}.Release|Mixed Platforms.Build.0 = Release|Win32
		{C7BD4354-38C6-43B4-B34D-0A7559C29594}.Release|Win32.ActiveCfg = Release|Win32
		{C7BD4354-38C6-43B4-B34D-0A7559C29594}.Release|Win32.Build.0 = Release|Win32
		{3CDEDF2D-6B45-4929-A38F-A7AF4B57F1F9}.Debug|Any CPU.ActiveCfg = Debug|Win32
		{3CDEDF2D-6B45-4929-A38F-A7AF4B57F1F9}.Debug|Mixed Platforms.ActiveCfg = Debug|Win32
		{3CDEDF2D-6B45-4929-A38F-A7AF4B57F1F9}.Debug|Mixed Platforms.Build.0 = Debug|Win32
		{3CDEDF2D-6B45-4929-A38F-A7AF4B57F1F9}.Debug|Win32.ActiveCfg = Debug|Win32
		{3CDEDF2D-6B45-4929-A38F-A7AF4B57F1F9}.Debug|Win32.Build.0 = Debug|Win32
		{3CDEDF2D-6B45-4929-A38F-A7AF4B57F1F9}.Release|Any CPU.ActiveCfg = Release|Win32
		{3CDEDF2D-6B45-4929-A38F-A7AF4B57F1F9}.Release|Mixed Platforms.ActiveCfg = Release|Win32
		{3CDEDF2D-6B45-4929-A38F-A7AF4B57F1F9}.Release|Mixed Platforms.Build.0 = Release|Win32
		{3CDEDF2D-6B45-4929-A38F-A7AF4B57F1F9}.Release|Win32.ActiveCfg = Release|Win32
		{3CDEDF2D-6B45-4929-A38F-A7AF4B57F1F9}.Release|Win32.Build.0 = Release|Win32
		{A3A45B25-B67C-4DB0-A4A2-65DBD79A4451}.Debug|Any CPU.ActiveCfg = Debug|Win32
		{A3A45B25-B67C-4DB0-A4A2-65DBD79A4451}.Debug|Mixed Platforms.ActiveCfg = Debug|Win32
		{A3A45B25-B67C-4DB0-A4A2-65DBD79A4451}.Debug|Mixed Platforms.Build.0 = Debug|Win32
		{A3A45B25-B67C-4DB0-A4A2-65DBD79A4451}.Debug|Win32.ActiveCfg = Debug|Win32
		{A3A45B25-B67C-4DB0-A4A2-65DBD79A4451}.Debug|Win32.Build.0 = Debug|Win32
		{A3A45B25-B67C-4DB0-A4A2-65DBD79A4451}.Release|Any CPU.ActiveCfg = Release|Win32
		{A3A45B25-B67C-4DB0-A4A2-65DBD79A4451}.Release|Mixed Platforms.ActiveCfg = Release|Win32
		{A3A45B25-B67C-4DB0-A4A2-65DBD79A4451}.Release|Mixed Platforms.Build.0 = Release|Win32
		{A3A45B25-B67C-4DB0-A4A2-65DBD79A4451}.Release|Win32.ActiveCfg = Release|Win32
		{A3A45B25-B67C-4DB0-A4A2-65DBD79A4451}.Release|Win32.Build.0 = Release|Win32
		{64E8D146-A1E5-482C-8319-95E7A5872F92}.Debug|Any CPU.ActiveCfg = Debug|Any CPU
		{64E8D146-A1E5-482C-8319-95E7A5872F92}.Debug|Any CPU.Build.0 = Debug|Any CPU
		{64E8D146-A1E5-482C-8319-95E7A5872F92}.Debug|Mixed Platforms.ActiveCfg = Debug|Any CPU
		{64E8D146-A1E5-482C-8319-95E7A5872F92}.Debug|Mixed Platforms.Build.0 = Debug|Any CPU
		{64E8D146-A1E5-482C-8319-95E7A5872F92}.Debug|Win32.ActiveCfg = Debug|Any CPU
		{64E8D146-A1E5-482C-8319-95E7A5872F92}.Release|Any CPU.ActiveCfg = Release|Any CPU
		{64E8D146-A1E5-482C-8319-95E7A5872F92}.Release|Any CPU.Build.0 = Release|Any CPU
		{64E8D146-A1E5-482C-8319-95E7A5872F92}.Release|Mixed Platforms.ActiveCfg = Release|Any CPU
		{64E8D146-A1E5-482C-8319-95E7A5872F92}.Release|Mixed Platforms.Build.0 = Release|Any CPU
		{64E8D146-A1E5-482C-8319-95E7A5872F92}.Release|Win32.ActiveCfg = Release|Any CPU
		{F6BD596D-2003-4476-ACD9-0A0CA001BAEB}.Debug|Any CPU.ActiveCfg = Debug|Win32
		{F6BD596D-2003-4476-ACD9-0A0CA001BAEB}.Debug|Mixed Platforms.ActiveCfg = Debug|Win32
		{F6BD596D-2003-4476-ACD9-0A0CA001BAEB}.Debug|Mixed Platforms.Build.0 = Debug|Win32
		{F6BD596D-2003-4476-ACD9-0A0CA001BAEB}.Debug|Win32.ActiveCfg = Debug|Win32
		{F6BD596D-2003-4476-ACD9-0A0CA001BAEB}.Debug|Win32.Build.0 = Debug|Win32
		{F6BD596D-2003-4476-ACD9-0A0CA001BAEB}.Release|Any CPU.ActiveCfg = Release|Win32
		{F6BD596D-2003-4476-ACD9-0A0CA001BAEB}.Release|Mixed Platforms.ActiveCfg = Release|Win32
		{F6BD596D-2003-4476-ACD9-0A0CA001BAEB}.Release|Mixed Platforms.Build.0 = Release|Win32
		{F6BD596D-2003-4476-ACD9-0A0CA001BAEB}.Release|Win32.ActiveCfg = Release|Win32
		{F6BD596D-2003-4476-ACD9-0A0CA001BAEB}.Release|Win32.Build.0 = Release|Win32
		{2DB48A92-0C0E-4AD0-9C1C-F69D4D863375}.Debug|Any CPU.ActiveCfg = Debug|Win32
		{2DB48A92-0C0E-4AD0-9C1C-F69D4D863375}.Debug|Mixed Platforms.ActiveCfg = Debug|Win32
		{2DB48A92-0C0E-4AD0-9C1C-F69D4D863375}.Debug|Mixed Platforms.Build.0 = Debug|Win32
		{2DB48A92-0C0E-4AD0-9C1C-F69D4D863375}.Debug|Win32.ActiveCfg = Debug|Win32
		{2DB48A92-0C0E-4AD0-9C1C-F69D4D863375}.Debug|Win32.Build.0 = Debug|Win32
		{2DB48A92-0C0E-4AD0-9C1C-F69D4D863375}.Release|Any CPU.ActiveCfg = Release|Win32
		{2DB48A92-0C0E-4AD0-9C1C-F69D4D863375}.Release|Mixed Platforms.ActiveCfg = Release|Win32
		{2DB48A92-0C0E-4AD0-9C1C-F69D4D863375}.Release|Mixed Platforms.Build.0 = Release|Win32
		{2DB48A92-0C0E-4AD0-9C1C-F69D4D863375}.Release|Win32.ActiveCfg = Release|Win32
		{2DB48A92-0C0E-4AD0-9C1C-F69D4D863375}.Release|Win32.Build.0 = Release|Win32
		{1ED19040-C097-4573-B007-A48497369DD3}.Debug|Any CPU.ActiveCfg = Debug|Win32
		{1ED19040-C097-4573-B007-A48497369DD3}.Debug|Mixed Platforms.ActiveCfg = Debug|Win32
		{1ED19040-C097-4573-B007-A48497369DD3}.Debug|Mixed Platforms.Build.0 = Debug|Win32
		{1ED19040-C097-4573-B007-A48497369DD3}.Debug|Win32.ActiveCfg = Debug|Win32
		{1ED19040-C097-4573-B007-A48497369DD3}.Debug|Win32.Build.0 = Debug|Win32
		{1ED19040-C097-4573-B007-A48497369DD3}.Release|Any CPU.ActiveCfg = Release|Win32
		{1ED19040-C097-4573-B007-A48497369DD3}.Release|Mixed Platforms.ActiveCfg = Release|Win32
		{1ED19040-C097-4573-B007-A48497369DD3}.Release|Mixed Platforms.Build.0 = Release|Win32
		{1ED19040-C097-4573-B007-A48497369DD3}.Release|Win32.ActiveCfg = Release|Win32
		{1ED19040-C097-4573-B007-A48497369DD3}.Release|Win32.Build.0 = Release|Win32
		{BAB19686-3612-4AC8-9D09-2DAE408983B3}.Debug|Any CPU.ActiveCfg = Debug|Win32
		{BAB19686-3612-4AC8-9D09-2DAE408983B3}.Debug|Mixed Platforms.ActiveCfg = Debug|Win32
		{BAB19686-3612-4AC8-9D09-2DAE408983B3}.Debug|Mixed Platforms.Build.0 = Debug|Win32
		{BAB19686-3612-4AC8-9D09-2DAE408983B3}.Debug|Win32.ActiveCfg = Debug|Win32
		{BAB19686-3612-4AC8-9D09-2DAE408983B3}.Debug|Win32.Build.0 = Debug|Win32
		{BAB19686-3612-4AC8-9D09-2DAE408983B3}.Release|Any CPU.ActiveCfg = Release|Win32
		{BAB19686-3612-4AC8-9D09-2DAE408983B3}.Release|Mixed Platforms.ActiveCfg = Release|Win32
		{BAB19686-3612-4AC8-9D09-2DAE408983B3}.Release|Mixed Platforms.Build.0 = Release|Win32
		{BAB19686-3612-4AC8-9D09-2DAE408983B3}.Release|Win32.ActiveCfg = Release|Win32
		{BAB19686-3612-4AC8-9D09-2DAE408983B3}.Release|Win32.Build.0 = Release|Win32
		{7BFF94F8-5484-4315-9B8B-68678B1A5596}.Debug|Any CPU.ActiveCfg = Debug|Win32
		{7BFF94F8-5484-4315-9B8B-68678B1A5596}.Debug|Mixed Platforms.ActiveCfg = Debug|Win32
		{7BFF94F8-5484-4315-9B8B-68678B1A5596}.Debug|Mixed Platforms.Build.0 = Debug|Win32
		{7BFF94F8-5484-4315-9B8B-68678B1A5596}.Debug|Win32.ActiveCfg = Debug|Win32
		{7BFF94F8-5484-4315-9B8B-68678B1A5596}.Debug|Win32.Build.0 = Debug|Win32
		{7BFF94F8-5484-4315-9B8B-68678B1A5596}.Release|Any CPU.ActiveCfg = Release|Win32
		{7BFF94F8-5484-4315-9B8B-68678B1A5596}.Release|Mixed Platforms.ActiveCfg = Release|Win32
		{7BFF94F8-5484-4315-9B8B-68678B1A5596}.Release|Mixed Platforms.Build.0 = Release|Win32
		{7BFF94F8-5484-4315-9B8B-68678B1A5596}.Release|Win32.ActiveCfg = Release|Win32
		{7BFF94F8-5484-4315-9B8B-68678B1A5596}.Release|Win32.Build.0 = Release|Win32
		{BBAA04C6-C581-4DF8-8200-64DFFEF135B4}.Debug|Any CPU.ActiveCfg = Debug|Win32
		{BBAA04C6-C581-4DF8-8200-64DFFEF135B4}.Debug|Mixed Platforms.ActiveCfg = Debug|Win32
		{BBAA04C6-C581-4DF8-8200-64DFFEF135B4}.Debug|Mixed Platforms.Build.0 = Debug|Win32
		{BBAA04C6-C581-4DF8-8200-64DFFEF135B4}.Debug|Win32.ActiveCfg = Debug|Win32
		{BBAA04C6-C581-4DF8-8200-64DFFEF135B4}.Debug|Win32.Build.0 = Debug|Win32
		{BBAA04C6-C581-4DF8-8200-64DFFEF135B4}.Release|Any CPU.ActiveCfg = Release|Win32
		{BBAA04C6-C581-4DF8-8200-64DFFEF135B4}.Release|Mixed Platforms.ActiveCfg = Release|Win32
		{BBAA04C6-C581-4DF8-8200-64DFFEF135B4}.Release|Mixed Platforms.Build.0 = Release|Win32
		{BBAA04C6-C581-4DF8-8200-64DFFEF135B4}.Release|Win32.ActiveCfg = Release|Win32
		{BBAA04C6-C581-4DF8-8200-64DFFEF135B4}.Release|Win32.Build.0 = Release|Win32
		{7505F6D5-A6F8-42A9-82C9-77D24FEC3288}.Debug|Any CPU.ActiveCfg = Debug|Win32
		{7505F6D5-A6F8-42A9-82C9-77D24FEC3288}.Debug|Mixed Platforms.ActiveCfg = Debug|Win32
		{7505F6D5-A6F8-42A9-82C9-77D24FEC3288}.Debug|Mixed Platforms.Build.0 = Debug|Win32
		{7505F6D5-A6F8-42A9-82C9-77D24FEC3288}.Debug|Win32.ActiveCfg = Debug|Win32
		{7505F6D5-A6F8-42A9-82C9-77D24FEC3288}.Debug|Win32.Build.0 = Debug|Win32
		{7505F6D5-A6F8-42A9-82C9-77D24FEC3288}.Release|Any CPU.ActiveCfg = Release|Win32
		{7505F6D5-A6F8-42A9-82C9-77D24FEC3288}.Release|Mixed Platforms.ActiveCfg = Release|Win32
		{7505F6D5-A6F8-42A9-82C9-77D24FEC3288}.Release|Mixed Platforms.Build.0 = Release|Win32
		{7505F6D5-A6F8-42A9-82C9-77D24FEC3288}.Release|Win32.ActiveCfg = Release|Win32
		{7505F6D5-A6F8-42A9-82C9-77D24FEC3288}.Release|Win32.Build.0 = Release|Win32
		{4251921C-AF14-4727-A873-1FFA49EFAAC3}.Debug|Any CPU.ActiveCfg = Debug|Win32
		{4251921C-AF14-4727-A873-1FFA49EFAAC3}.Debug|Mixed Platforms.ActiveCfg = Debug|Win32
		{4251921C-AF14-4727-A873-1FFA49EFAAC3}.Debug|Mixed Platforms.Build.0 = Debug|Win32
		{4251921C-AF14-4727-A873-1FFA49EFAAC3}.Debug|Win32.ActiveCfg = Debug|Win32
		{4251921C-AF14-4727-A873-1FFA49EFAAC3}.Debug|Win32.Build.0 = Debug|Win32
		{4251921C-AF14-4727-A873-1FFA49EFAAC3}.Release|Any CPU.ActiveCfg = Release|Win32
		{4251921C-AF14-4727-A873-1FFA49EFAAC3}.Release|Mixed Platforms.ActiveCfg = Release|Win32
		{4251921C-AF14-4727-A873-1FFA49EFAAC3}.Release|Mixed Platforms.Build.0 = Release|Win32
		{4251921C-AF14-4727-A873-1FFA49EFAAC3}.Release|Win32.ActiveCfg = Release|Win32
		{4251921C-AF14-4727-A873-1FFA49EFAAC3}.Release|Win32.Build.0 = Release|Win32
		{8650A261-3E16-429D-9EEF-CC18418F2843}.Debug|Any CPU.ActiveCfg = Debug|Win32
		{8650A261-3E16-429D-9EEF-CC18418F2843}.Debug|Mixed Platforms.ActiveCfg = Debug|Win32
		{8650A261-3E16-429D-9EEF-CC18418F2843}.Debug|Mixed Platforms.Build.0 = Debug|Win32
		{8650A261-3E16-429D-9EEF-CC18418F2843}.Debug|Win32.ActiveCfg = Debug|Win32
		{8650A261-3E16-429D-9EEF-CC18418F2843}.Debug|Win32.Build.0 = Debug|Win32
		{8650A261-3E16-429D-9EEF-CC18418F2843}.Release|Any CPU.ActiveCfg = Release|Win32
		{8650A261-3E16-429D-9EEF-CC18418F2843}.Release|Mixed Platforms.ActiveCfg = Release|Win32
		{8650A261-3E16-429D-9EEF-CC18418F2843}.Release|Mixed Platforms.Build.0 = Release|Win32
		{8650A261-3E16-429D-9EEF-CC18418F2843}.Release|Win32.ActiveCfg = Release|Win32
		{8650A261-3E16-429D-9EEF-CC18418F2843}.Release|Win32.Build.0 = Release|Win32
		{CB704260-67E0-4F26-BA5A-121C1A602272}.Debug|Any CPU.ActiveCfg = Debug|Win32
		{CB704260-67E0-4F26-BA5A-121C1A602272}.Debug|Mixed Platforms.ActiveCfg = Debug|Win32
		{CB704260-67E0-4F26-BA5A-121C1A602272}.Debug|Mixed Platforms.Build.0 = Debug|Win32
		{CB704260-67E0-4F26-BA5A-121C1A602272}.Debug|Win32.ActiveCfg = Debug|Win32
		{CB704260-67E0-4F26-BA5A-121C1A602272}.Debug|Win32.Build.0 = Debug|Win32
		{CB704260-67E0-4F26-BA5A-121C1A602272}.Release|Any CPU.ActiveCfg = Release|Win32
		{CB704260-67E0-4F26-BA5A-121C1A602272}.Release|Mixed Platforms.ActiveCfg = Release|Win32
		{CB704260-67E0-4F26-BA5A-121C1A602272}.Release|Mixed Platforms.Build.0 = Release|Win32
		{CB704260-67E0-4F26-BA5A-121C1A602272}.Release|Win32.ActiveCfg = Release|Win32
		{CB704260-67E0-4F26-BA5A-121C1A602272}.Release|Win32.Build.0 = Release|Win32
		{D732BEB5-0826-4E94-8E3E-FE9C967FBBC9}.Debug|Any CPU.ActiveCfg = Debug|Win32
		{D732BEB5-0826-4E94-8E3E-FE9C967FBBC9}.Debug|Mixed Platforms.ActiveCfg = Debug|Win32
		{D732BEB5-0826-4E94-8E3E-FE9C967FBBC9}.Debug|Mixed Platforms.Build.0 = Debug|Win32
		{D732BEB5-0826-4E94-8E3E-FE9C967FBBC9}.Debug|Win32.ActiveCfg = Debug|Win32
		{D732BEB5-0826-4E94-8E3E-FE9C967FBBC9}.Debug|Win32.Build.0 = Debug|Win32
		{D732BEB5-0826-4E94-8E3E-FE9C967FBBC9}.Release|Any CPU.ActiveCfg = Release|Win32
		{D732BEB5-0826-4E94-8E3E-FE9C967FBBC9}.Release|Mixed Platforms.ActiveCfg = Release|Win32
		{D732BEB5-0826-4E94-8E3E-FE9C967FBBC9}.Release|Mixed Platforms.Build.0 = Release|Win32
		{D732BEB5-0826-4E94-8E3E-FE9C967FBBC9}.Release|Win32.ActiveCfg = Release|Win32
		{D732BEB5-0826-4E94-8E3E-FE9C967FBBC9}.Release|Win32.Build.0 = Release|Win32
		{81EF459D-3B09-4BAC-8A47-192D059543AC}.Debug|Any CPU.ActiveCfg = Debug|Win32
		{81EF459D-3B09-4BAC-8A47-192D059543AC}.Debug|Mixed Platforms.ActiveCfg = Debug|Win32
		{81EF459D-3B09-4BAC-8A47-192D059543AC}.Debug|Mixed Platforms.Build.0 = Debug|Win32
		{81EF459D-3B09-4BAC-8A47-192D059543AC}.Debug|Win32.ActiveCfg = Debug|Win32
		{81EF459D-3B09-4BAC-8A47-192D059543AC}.Debug|Win32.Build.0 = Debug|Win32
		{81EF459D-3B09-4BAC-8A47-192D059543AC}.Release|Any CPU.ActiveCfg = Release|Win32
		{81EF459D-3B09-4BAC-8A47-192D059543AC}.Release|Mixed Platforms.ActiveCfg = Release|Win32
		{81EF459D-3B09-4BAC-8A47-192D059543AC}.Release|Mixed Platforms.Build.0 = Release|Win32
		{81EF459D-3B09-4BAC-8A47-192D059543AC}.Release|Win32.ActiveCfg = Release|Win32
		{81EF459D-3B09-4BAC-8A47-192D059543AC}.Release|Win32.Build.0 = Release|Win32
		{7EF5E0DF-A814-4FE5-9F6B-E7E317369E12}.Debug|Any CPU.ActiveCfg = Debug|Win32
		{7EF5E0DF-A814-4FE5-9F6B-E7E317369E12}.Debug|Mixed Platforms.ActiveCfg = Debug|Win32
		{7EF5E0DF-A814-4FE5-9F6B-E7E317369E12}.Debug|Mixed Platforms.Build.0 = Debug|Win32
		{7EF5E0DF-A814-4FE5-9F6B-E7E317369E12}.Debug|Win32.ActiveCfg = Debug|Win32
		{7EF5E0DF-A814-4FE5-9F6B-E7E317369E12}.Debug|Win32.Build.0 = Debug|Win32
		{7EF5E0DF-A814-4FE5-9F6B-E7E317369E12}.Release|Any CPU.ActiveCfg = Release|Win32
		{7EF5E0DF-A814-4FE5-9F6B-E7E317369E12}.Release|Mixed Platforms.ActiveCfg = Release|Win32
		{7EF5E0DF-A814-4FE5-9F6B-E7E317369E12}.Release|Mixed Platforms.Build.0 = Release|Win32
		{7EF5E0DF-A814-4FE5-9F6B-E7E317369E12}.Release|Win32.ActiveCfg = Release|Win32
		{7EF5E0DF-A814-4FE5-9F6B-E7E317369E12}.Release|Win32.Build.0 = Release|Win32
		{49D4F445-1137-4A2E-A30C-1B9F577A468D}.Debug|Any CPU.ActiveCfg = Debug|Win32
		{49D4F445-1137-4A2E-A30C-1B9F577A468D}.Debug|Mixed Platforms.ActiveCfg = Debug|Win32
		{49D4F445-1137-4A2E-A30C-1B9F577A468D}.Debug|Mixed Platforms.Build.0 = Debug|Win32
		{49D4F445-1137-4A2E-A30C-1B9F577A468D}.Debug|Win32.ActiveCfg = Debug|Win32
		{49D4F445-1137-4A2E-A30C-1B9F577A468D}.Debug|Win32.Build.0 = Debug|Win32
		{49D4F445-1137-4A2E-A30C-1B9F577A468D}.Release|Any CPU.ActiveCfg = Release|Win32
		{49D4F445-1137-4A2E-A30C-1B9F577A468D}.Release|Mixed Platforms.ActiveCfg = Release|Win32
		{49D4F445-1137-4A2E-A30C-1B9F577A468D}.Release|Mixed Platforms.Build.0 = Release|Win32
		{49D4F445-1137-4A2E-A30C-1B9F577A468D}.Release|Win32.ActiveCfg = Release|Win32
		{49D4F445-1137-4A2E-A30C-1B9F577A468D}.Release|Win32.Build.0 = Release|Win32
		{AC56ECC9-BFC4-4C5A-AC19-2DBB8086E5AA}.Debug|Any CPU.ActiveCfg = Debug|Win32
		{AC56ECC9-BFC4-4C5A-AC19-2DBB8086E5AA}.Debug|Mixed Platforms.ActiveCfg = Debug|Win32
		{AC56ECC9-BFC4-4C5A-AC19-2DBB8086E5AA}.Debug|Mixed Platforms.Build.0 = Debug|Win32
		{AC56ECC9-BFC4-4C5A-AC19-2DBB8086E5AA}.Debug|Win32.ActiveCfg = Debug|Win32
		{AC56ECC9-BFC4-4C5A-AC19-2DBB8086E5AA}.Debug|Win32.Build.0 = Debug|Win32
		{AC56ECC9-BFC4-4C5A-AC19-2DBB8086E5AA}.Release|Any CPU.ActiveCfg = Release|Win32
		{AC56ECC9-BFC4-4C5A-AC19-2DBB8086E5AA}.Release|Mixed Platforms.ActiveCfg = Release|Win32
		{AC56ECC9-BFC4-4C5A-AC19-2DBB8086E5AA}.Release|Mixed Platforms.Build.0 = Release|Win32
		{AC56ECC9-BFC4-4C5A-AC19-2DBB8086E5AA}.Release|Win32.ActiveCfg = Release|Win32
		{AC56ECC9-BFC4-4C5A-AC19-2DBB8086E5AA}.Release|Win32.Build.0 = Release|Win32
		{47AA7D68-B8F3-4055-B5EC-5E253AAB9873}.Debug|Any CPU.ActiveCfg = Debug|Win32
		{47AA7D68-B8F3-4055-B5EC-5E253AAB9873}.Debug|Mixed Platforms.ActiveCfg = Debug|Win32
		{47AA7D68-B8F3-4055-B5EC-5E253AAB9873}.Debug|Mixed Platforms.Build.0 = Debug|Win32
		{47AA7D68-B8F3-4055-B5EC-5E253AAB9873}.Debug|Win32.ActiveCfg = Debug|Win32
		{47AA7D68-B8F3-4055-B5EC-5E253AAB9873}.Debug|Win32.Build.0 = Debug|Win32
		{47AA7D68-B8F3-4055-B5EC-5E253AAB9873}.Release|Any CPU.ActiveCfg = Release|Win32
		{47AA7D68-B8F3-4055-B5EC-5E253AAB9873}.Release|Mixed Platforms.ActiveCfg = Release|Win32
		{47AA7D68-B8F3-4055-B5EC-5E253AAB9873}.Release|Mixed Platforms.Build.0 = Release|Win32
		{47AA7D68-B8F3-4055-B5EC-5E253AAB9873}.Release|Win32.ActiveCfg = Release|Win32
		{47AA7D68-B8F3-4055-B5EC-5E253AAB9873}.Release|Win32.Build.0 = Release|Win32
		{6C9F59E9-1F5D-4711-81EC-1A875CBAC50E}.Debug|Any CPU.ActiveCfg = Debug|Win32
		{6C9F59E9-1F5D-4711-81EC-1A875CBAC50E}.Debug|Mixed Platforms.ActiveCfg = Debug|Win32
		{6C9F59E9-1F5D-4711-81EC-1A875CBAC50E}.Debug|Mixed Platforms.Build.0 = Debug|Win32
		{6C9F59E9-1F5D-4711-81EC-1A875CBAC50E}.Debug|Win32.ActiveCfg = Debug|Win32
		{6C9F59E9-1F5D-4711-81EC-1A875CBAC50E}.Debug|Win32.Build.0 = Debug|Win32
		{6C9F59E9-1F5D-4711-81EC-1A875CBAC50E}.Release|Any CPU.ActiveCfg = Release|Win32
		{6C9F59E9-1F5D-4711-81EC-1A875CBAC50E}.Release|Mixed Platforms.ActiveCfg = Release|Win32
		{6C9F59E9-1F5D-4711-81EC-1A875CBAC50E}.Release|Mixed Platforms.Build.0 = Release|Win32
		{6C9F59E9-1F5D-4711-81EC-1A875CBAC50E}.Release|Win32.ActiveCfg = Release|Win32
		{6C9F59E9-1F5D-4711-81EC-1A875CBAC50E}.Release|Win32.Build.0 = Release|Win32
		{EE913690-A710-4A83-B32C-B18DB66CA701}.Debug|Any CPU.ActiveCfg = Debug|Win32
		{EE913690-A710-4A83-B32C-B18DB66CA701}.Debug|Mixed Platforms.ActiveCfg = Debug|Win32
		{EE913690-A710-4A83-B32C-B18DB66CA701}.Debug|Mixed Platforms.Build.0 = Debug|Win32
		{EE913690-A710-4A83-B32C-B18DB66CA701}.Debug|Win32.ActiveCfg = Debug|Win32
		{EE913690-A710-4A83-B32C-B18DB66CA701}.Debug|Win32.Build.0 = Debug|Win32
		{EE913690-A710-4A83-B32C-B18DB66CA701}.Release|Any CPU.ActiveCfg = Release|Win32
		{EE913690-A710-4A83-B32C-B18DB66CA701}.Release|Mixed Platforms.ActiveCfg = Release|Win32
		{EE913690-A710-4A83-B32C-B18DB66CA701}.Release|Mixed Platforms.Build.0 = Release|Win32
		{EE913690-A710-4A83-B32C-B18DB66CA701}.Release|Win32.ActiveCfg = Release|Win32
		{EE913690-A710-4A83-B32C-B18DB66CA701}.Release|Win32.Build.0 = Release|Win32
		{C51BEF17-06D8-4084-9581-A947496298B0}.Debug|Any CPU.ActiveCfg = Debug|Win32
		{C51BEF17-06D8-4084-9581-A947496298B0}.Debug|Mixed Platforms.ActiveCfg = Debug|Win32
		{C51BEF17-06D8-4084-9581-A947496298B0}.Debug|Mixed Platforms.Build.0 = Debug|Win32
		{C51BEF17-06D8-4084-9581-A947496298B0}.Debug|Win32.ActiveCfg = Debug|Win32
		{C51BEF17-06D8-4084-9581-A947496298B0}.Debug|Win32.Build.0 = Debug|Win32
		{C51BEF17-06D8-4084-9581-A947496298B0}.Release|Any CPU.ActiveCfg = Release|Win32
		{C51BEF17-06D8-4084-9581-A947496298B0}.Release|Mixed Platforms.ActiveCfg = Release|Win32
		{C51BEF17-06D8-4084-9581-A947496298B0}.Release|Mixed Platforms.Build.0 = Release|Win32
		{C51BEF17-06D8-4084-9581-A947496298B0}.Release|Win32.ActiveCfg = Release|Win32
		{C51BEF17-06D8-4084-9581-A947496298B0}.Release|Win32.Build.0 = Release|Win32
		{712684C5-8776-4E8C-B743-61E776660E7D}.Debug|Any CPU.ActiveCfg = Debug|Win32
		{712684C5-8776-4E8C-B743-61E776660E7D}.Debug|Mixed Platforms.ActiveCfg = Debug|Win32
		{712684C5-8776-4E8C-B743-61E776660E7D}.Debug|Mixed Platforms.Build.0 = Debug|Win32
		{712684C5-8776-4E8C-B743-61E776660E7D}.Debug|Win32.ActiveCfg = Debug|Win32
		{712684C5-8776-4E8C-B743-61E776660E7D}.Debug|Win32.Build.0 = Debug|Win32
		{712684C5-8776-4E8C-B743-61E776660E7D}.Release|Any CPU.ActiveCfg = Release|Win32
		{712684C5-8776-4E8C-B743-61E776660E7D}.Release|Mixed Platforms.ActiveCfg = Release|Win32
		{712684C5-8776-4E8C-B743-61E776660E7D}.Release|Mixed Platforms.Build.0 = Release|Win32
		{712684C5-8776-4E8C-B743-61E776660E7D}.Release|Win32.ActiveCfg = Release|Win32
		{712684C5-8776-4E8C-B743-61E776660E7D}.Release|Win32.Build.0 = Release|Win32
		{91749E77-868F-4479-8E98-9D126269DDA5}.Debug|Any CPU.ActiveCfg = Debug|Win32
		{91749E77-868F-4479-8E98-9D126269DDA5}.Debug|Mixed Platforms.ActiveCfg = Debug|Win32
		{91749E77-868F-4479-8E98-9D126269DDA5}.Debug|Mixed Platforms.Build.0 = Debug|Win32
		{91749E77-868F-4479-8E98-9D126269DDA5}.Debug|Win32.ActiveCfg = Debug|Win32
		{91749E77-868F-4479-8E98-9D126269DDA5}.Debug|Win32.Build.0 = Debug|Win32
		{91749E77-868F-4479-8E98-9D126269DDA5}.Release|Any CPU.ActiveCfg = Release|Win32
		{91749E77-868F-4479-8E98-9D126269DDA5}.Release|Mixed Platforms.ActiveCfg = Release|Win32
		{91749E77-868F-4479-8E98-9D126269DDA5}.Release|Mixed Platforms.Build.0 = Release|Win32
		{91749E77-868F-4479-8E98-9D126269DDA5}.Release|Win32.ActiveCfg = Release|Win32
		{91749E77-868F-4479-8E98-9D126269DDA5}.Release|Win32.Build.0 = Release|Win32
		{A157473D-26A0-44C4-989C-DEBC160DB199}.Debug|Any CPU.ActiveCfg = Debug|Win32
		{A157473D-26A0-44C4-989C-DEBC160DB199}.Debug|Mixed Platforms.ActiveCfg = Debug|Win32
		{A157473D-26A0-44C4-989C-DEBC160DB199}.Debug|Mixed Platforms.Build.0 = Debug|Win32
		{A157473D-26A0-44C4-989C-DEBC160DB199}.Debug|Win32.ActiveCfg = Debug|Win32
		{A157473D-26A0-44C4-989C-DEBC160DB199}.Debug|Win32.Build.0 = Debug|Win32
		{A157473D-26A0-44C4-989C-DEBC160DB199}.Release|Any CPU.ActiveCfg = Release|Win32
		{A157473D-26A0-44C4-989C-DEBC160DB199}.Release|Mixed Platforms.ActiveCfg = Release|Win32
		{A157473D-26A0-44C4-989C-DEBC160DB199}.Release|Mixed Platforms.Build.0 = Release|Win32
		{A157473D-26A0-44C4-989C-DEBC160DB199}.Release|Win32.ActiveCfg = Release|Win32
		{A157473D-26A0-44C4-989C-DEBC160DB199}.Release|Win32.Build.0 = Release|Win32
		{C8D3CBC3-7FFF-4CC9-AF3B-F256141AE0AA}.Debug|Any CPU.ActiveCfg = Debug|Win32
		{C8D3CBC3-7FFF-4CC9-AF3B-F256141AE0AA}.Debug|Mixed Platforms.ActiveCfg = Debug|Win32
		{C8D3CBC3-7FFF-4CC9-AF3B-F256141AE0AA}.Debug|Mixed Platforms.Build.0 = Debug|Win32
		{C8D3CBC3-7FFF-4CC9-AF3B-F256141AE0AA}.Debug|Win32.ActiveCfg = Debug|Win32
		{C8D3CBC3-7FFF-4CC9-AF3B-F256141AE0AA}.Debug|Win32.Build.0 = Debug|Win32
		{C8D3CBC3-7FFF-4CC9-AF3B-F256141AE0AA}.Release|Any CPU.ActiveCfg = Release|Win32
		{C8D3CBC3-7FFF-4CC9-AF3B-F256141AE0AA}.Release|Mixed Platforms.ActiveCfg = Release|Win32
		{C8D3CBC3-7FFF-4CC9-AF3B-F256141AE0AA}.Release|Mixed Platforms.Build.0 = Release|Win32
		{C8D3CBC3-7FFF-4CC9-AF3B-F256141AE0AA}.Release|Win32.ActiveCfg = Release|Win32
		{C8D3CBC3-7FFF-4CC9-AF3B-F256141AE0AA}.Release|Win32.Build.0 = Release|Win32
		{A96ED663-7710-4E99-81D6-50AF651D0B97}.Debug|Any CPU.ActiveCfg = Debug|Win32
		{A96ED663-7710-4E99-81D6-50AF651D0B97}.Debug|Mixed Platforms.ActiveCfg = Debug|Win32
		{A96ED663-7710-4E99-81D6-50AF651D0B97}.Debug|Mixed Platforms.Build.0 = Debug|Win32
		{A96ED663-7710-4E99-81D6-50AF651D0B97}.Debug|Win32.ActiveCfg = Debug|Win32
		{A96ED663-7710-4E99-81D6-50AF651D0B97}.Debug|Win32.Build.0 = Debug|Win32
		{A96ED663-7710-4E99-81D6-50AF651D0B97}.Release|Any CPU.ActiveCfg = Release|Win32
		{A96ED663-7710-4E99-81D6-50AF651D0B97}.Release|Mixed Platforms.ActiveCfg = Release|Win32
		{A96ED663-7710-4E99-81D6-50AF651D0B97}.Release|Mixed Platforms.Build.0 = Release|Win32
		{A96ED663-7710-4E99-81D6-50AF651D0B97}.Release|Win32.ActiveCfg = Release|Win32
		{A96ED663-7710-4E99-81D6-50AF651D0B97}.Release|Win32.Build.0 = Release|Win32
		{FA7C2095-A4CC-4E09-9EFC-C5BCA6748BEC}.Debug|Any CPU.ActiveCfg = Debug|Win32
		{FA7C2095-A4CC-4E09-9EFC-C5BCA6748BEC}.Debug|Mixed Platforms.ActiveCfg = Debug|Win32
		{FA7C2095-A4CC-4E09-9EFC-C5BCA6748BEC}.Debug|Mixed Platforms.Build.0 = Debug|Win32
		{FA7C2095-A4CC-4E09-9EFC-C5BCA6748BEC}.Debug|Win32.ActiveCfg = Debug|Win32
		{FA7C2095-A4CC-4E09-9EFC-C5BCA6748BEC}.Debug|Win32.Build.0 = Debug|Win32
		{FA7C2095-A4CC-4E09-9EFC-C5BCA6748BEC}.Release|Any CPU.ActiveCfg = Release|Win32
		{FA7C2095-A4CC-4E09-9EFC-C5BCA6748BEC}.Release|Mixed Platforms.ActiveCfg = Release|Win32
		{FA7C2095-A4CC-4E09-9EFC-C5BCA6748BEC}.Release|Mixed Platforms.Build.0 = Release|Win32
		{FA7C2095-A4CC-4E09-9EFC-C5BCA6748BEC}.Release|Win32.ActiveCfg = Release|Win32
		{FA7C2095-A4CC-4E09-9EFC-C5BCA6748BEC}.Release|Win32.Build.0 = Release|Win32
		{E762A3F0-2043-48B3-B3E1-B7EF44BE1F08}.Debug|Any CPU.ActiveCfg = Debug|Win32
		{E762A3F0-2043-48B3-B3E1-B7EF44BE1F08}.Debug|Mixed Platforms.ActiveCfg = Debug|Win32
		{E762A3F0-2043-48B3-B3E1-B7EF44BE1F08}.Debug|Mixed Platforms.Build.0 = Debug|Win32
		{E762A3F0-2043-48B3-B3E1-B7EF44BE1F08}.Debug|Win32.ActiveCfg = Debug|Win32
		{E762A3F0-2043-48B3-B3E1-B7EF44BE1F08}.Debug|Win32.Build.0 = Debug|Win32
		{E762A3F0-2043-48B3-B3E1-B7EF44BE1F08}.Release|Any CPU.ActiveCfg = Release|Win32
		{E762A3F0-2043-48B3-B3E1-B7EF44BE1F08}.Release|Mixed Platforms.ActiveCfg = Release|Win32
		{E762A3F0-2043-48B3-B3E1-B7EF44BE1F08}.Release|Mixed Platforms.Build.0 = Release|Win32
		{E762A3F0-2043-48B3-B3E1-B7EF44BE1F08}.Release|Win32.ActiveCfg = Release|Win32
		{E762A3F0-2043-48B3-B3E1-B7EF44BE1F08}.Release|Win32.Build.0 = Release|Win32
		{34B1D8EC-5819-40A3-B2CC-7FBAA39A4E61}.Debug|Any CPU.ActiveCfg = Debug|Win32
		{34B1D8EC-5819-40A3-B2CC-7FBAA39A4E61}.Debug|Mixed Platforms.ActiveCfg = Debug|Win32
		{34B1D8EC-5819-40A3-B2CC-7FBAA39A4E61}.Debug|Mixed Platforms.Build.0 = Debug|Win32
		{34B1D8EC-5819-40A3-B2CC-7FBAA39A4E61}.Debug|Win32.ActiveCfg = Debug|Win32
		{34B1D8EC-5819-40A3-B2CC-7FBAA39A4E61}.Debug|Win32.Build.0 = Debug|Win32
		{34B1D8EC-5819-40A3-B2CC-7FBAA39A4E61}.Release|Any CPU.ActiveCfg = Release|Win32
		{34B1D8EC-5819-40A3-B2CC-7FBAA39A4E61}.Release|Mixed Platforms.ActiveCfg = Release|Win32
		{34B1D8EC-5819-40A3-B2CC-7FBAA39A4E61}.Release|Mixed Platforms.Build.0 = Release|Win32
		{34B1D8EC-5819-40A3-B2CC-7FBAA39A4E61}.Release|Win32.ActiveCfg = Release|Win32
		{34B1D8EC-5819-40A3-B2CC-7FBAA39A4E61}.Release|Win32.Build.0 = Release|Win32
		{5BC6FFE1-20B5-489E-A288-1040FDE4D4B7}.Debug|Any CPU.ActiveCfg = Debug|Win32
		{5BC6FFE1-20B5-489E-A288-1040FDE4D4B7}.Debug|Mixed Platforms.ActiveCfg = Debug|Win32
		{5BC6FFE1-20B5-489E-A288-1040FDE4D4B7}.Debug|Mixed Platforms.Build.0 = Debug|Win32
		{5BC6FFE1-20B5-489E-A288-1040FDE4D4B7}.Debug|Win32.ActiveCfg = Debug|Win32
		{5BC6FFE1-20B5-489E-A288-1040FDE4D4B7}.Debug|Win32.Build.0 = Debug|Win32
		{5BC6FFE1-20B5-489E-A288-1040FDE4D4B7}.Release|Any CPU.ActiveCfg = Release|Win32
		{5BC6FFE1-20B5-489E-A288-1040FDE4D4B7}.Release|Mixed Platforms.ActiveCfg = Release|Win32
		{5BC6FFE1-20B5-489E-A288-1040FDE4D4B7}.Release|Mixed Platforms.Build.0 = Release|Win32
		{5BC6FFE1-20B5-489E-A288-1040FDE4D4B7}.Release|Win32.ActiveCfg = Release|Win32
		{5BC6FFE1-20B5-489E-A288-1040FDE4D4B7}.Release|Win32.Build.0 = Release|Win32
		{4CD939C1-5621-444B-86B2-CD1A0F9C1BC1}.Debug|Any CPU.ActiveCfg = Debug|Win32
		{4CD939C1-5621-444B-86B2-CD1A0F9C1BC1}.Debug|Mixed Platforms.ActiveCfg = Debug|Win32
		{4CD939C1-5621-444B-86B2-CD1A0F9C1BC1}.Debug|Mixed Platforms.Build.0 = Debug|Win32
		{4CD939C1-5621-444B-86B2-CD1A0F9C1BC1}.Debug|Win32.ActiveCfg = Debug|Win32
		{4CD939C1-5621-444B-86B2-CD1A0F9C1BC1}.Debug|Win32.Build.0 = Debug|Win32
		{4CD939C1-5621-444B-86B2-CD1A0F9C1BC1}.Release|Any CPU.ActiveCfg = Release|Win32
		{4CD939C1-5621-444B-86B2-CD1A0F9C1BC1}.Release|Mixed Platforms.ActiveCfg = Release|Win32
		{4CD939C1-5621-444B-86B2-CD1A0F9C1BC1}.Release|Mixed Platforms.Build.0 = Release|Win32
		{4CD939C1-5621-444B-86B2-CD1A0F9C1BC1}.Release|Win32.ActiveCfg = Release|Win32
		{4CD939C1-5621-444B-86B2-CD1A0F9C1BC1}.Release|Win32.Build.0 = Release|Win32
	EndGlobalSection
	GlobalSection(SolutionProperties) = preSolution
		HideSolutionNode = FALSE
	EndGlobalSection
EndGlobal
