
Microsoft Visual Studio Solution File, Format Version 12.00
# Visual Studio 2013
VisualStudioVersion = 12.0.31101.0
MinimumVisualStudioVersion = 10.0.40219.1
Project("{8BC9CEB8-8B4A-11D0-8D11-00A0C91BC942}") = "LT228", "LT228\LT228.vcxproj", "{5B0FA30F-03B3-4541-B9E9-AC7E2F71C783}"
EndProject
Project("{8BC9CEB8-8B4A-11D0-8D11-00A0C91BC942}") = "LT165", "LT165\LT165.vcxproj", "{A3147822-F1BC-41F0-ABA0-9815696DDC04}"
EndProject
Project("{FAE04EC0-301F-11D3-BF4B-00C04F79EFBC}") = "LTC165", "LTC165\LTC165.csproj", "{2EB2DAD6-AA7C-45A9-A560-70E51CF0990F}"
EndProject
Project("{8BC9CEB8-8B4A-11D0-8D11-00A0C91BC942}") = "LN158", "LN158\LN158.vcxproj", "{00E7968C-0ACA-4976-9662-D63AB8D45550}"
EndProject
Project("{8BC9CEB8-8B4A-11D0-8D11-00A0C91BC942}") = "KMP", "KMP\KMP.vcxproj", "{C7BD4354-38C6-43B4-B34D-0A7559C29594}"
EndProject
Project("{8BC9CEB8-8B4A-11D0-8D11-00A0C91BC942}") = "LN171", "LN171\LN171.vcxproj", "{3CDEDF2D-6B45-4929-A38F-A7AF4B57F1F9}"
EndProject
Project("{8BC9CEB8-8B4A-11D0-8D11-00A0C91BC942}") = "LN78", "LN78\LN78.vcxproj", "{A3A45B25-B67C-4DB0-A4A2-65DBD79A4451}"
EndProject
Project("{FAE04EC0-301F-11D3-BF4B-00C04F79EFBC}") = "LTC139", "LTC139\LTC139.csproj", "{64E8D146-A1E5-482C-8319-95E7A5872F92}"
EndProject
Project("{8BC9CEB8-8B4A-11D0-8D11-00A0C91BC942}") = "LT15", "LT15\LT15.vcxproj", "{F6BD596D-2003-4476-ACD9-0A0CA001BAEB}"
EndProject
Project("{8BC9CEB8-8B4A-11D0-8D11-00A0C91BC942}") = "LN59", "LN59\LN59.vcxproj", "{2DB48A92-0C0E-4AD0-9C1C-F69D4D863375}"
EndProject
Project("{8BC9CEB8-8B4A-11D0-8D11-00A0C91BC942}") = "LN141", "LN141\LN141.vcxproj", "{1ED19040-C097-4573-B007-A48497369DD3}"
EndProject
Project("{8BC9CEB8-8B4A-11D0-8D11-00A0C91BC942}") = "LN28", "LN28\LN28.vcxproj", "{BAB19686-3612-4AC8-9D09-2DAE408983B3}"
EndProject
Global
	GlobalSection(SolutionConfigurationPlatforms) = preSolution
		Debug|Any CPU = Debug|Any CPU
		Debug|Mixed Platforms = Debug|Mixed Platforms
		Debug|Win32 = Debug|Win32
		Release|Any CPU = Release|Any CPU
		Release|Mixed Platforms = Release|Mixed Platforms
		Release|Win32 = Release|Win32
	EndGlobalSection
	GlobalSection(ProjectConfigurationPlatforms) = postSolution
		{5B0FA30F-03B3-4541-B9E9-AC7E2F71C783}.Debug|Any CPU.ActiveCfg = Debug|Win32
		{5B0FA30F-03B3-4541-B9E9-AC7E2F71C783}.Debug|Mixed Platforms.ActiveCfg = Debug|Win32
		{5B0FA30F-03B3-4541-B9E9-AC7E2F71C783}.Debug|Mixed Platforms.Build.0 = Debug|Win32
		{5B0FA30F-03B3-4541-B9E9-AC7E2F71C783}.Debug|Win32.ActiveCfg = Debug|Win32
		{5B0FA30F-03B3-4541-B9E9-AC7E2F71C783}.Debug|Win32.Build.0 = Debug|Win32
		{5B0FA30F-03B3-4541-B9E9-AC7E2F71C783}.Release|Any CPU.ActiveCfg = Release|Win32
		{5B0FA30F-03B3-4541-B9E9-AC7E2F71C783}.Release|Mixed Platforms.ActiveCfg = Release|Win32
		{5B0FA30F-03B3-4541-B9E9-AC7E2F71C783}.Release|Mixed Platforms.Build.0 = Release|Win32
		{5B0FA30F-03B3-4541-B9E9-AC7E2F71C783}.Release|Win32.ActiveCfg = Release|Win32
		{5B0FA30F-03B3-4541-B9E9-AC7E2F71C783}.Release|Win32.Build.0 = Release|Win32
		{A3147822-F1BC-41F0-ABA0-9815696DDC04}.Debug|Any CPU.ActiveCfg = Debug|Win32
		{A3147822-F1BC-41F0-ABA0-9815696DDC04}.Debug|Mixed Platforms.ActiveCfg = Debug|Win32
		{A3147822-F1BC-41F0-ABA0-9815696DDC04}.Debug|Mixed Platforms.Build.0 = Debug|Win32
		{A3147822-F1BC-41F0-ABA0-9815696DDC04}.Debug|Win32.ActiveCfg = Debug|Win32
		{A3147822-F1BC-41F0-ABA0-9815696DDC04}.Debug|Win32.Build.0 = Debug|Win32
		{A3147822-F1BC-41F0-ABA0-9815696DDC04}.Release|Any CPU.ActiveCfg = Release|Win32
		{A3147822-F1BC-41F0-ABA0-9815696DDC04}.Release|Mixed Platforms.ActiveCfg = Release|Win32
		{A3147822-F1BC-41F0-ABA0-9815696DDC04}.Release|Mixed Platforms.Build.0 = Release|Win32
		{A3147822-F1BC-41F0-ABA0-9815696DDC04}.Release|Win32.ActiveCfg = Release|Win32
		{A3147822-F1BC-41F0-ABA0-9815696DDC04}.Release|Win32.Build.0 = Release|Win32
		{2EB2DAD6-AA7C-45A9-A560-70E51CF0990F}.Debug|Any CPU.ActiveCfg = Debug|Any CPU
		{2EB2DAD6-AA7C-45A9-A560-70E51CF0990F}.Debug|Any CPU.Build.0 = Debug|Any CPU
		{2EB2DAD6-AA7C-45A9-A560-70E51CF0990F}.Debug|Mixed Platforms.ActiveCfg = Debug|Any CPU
		{2EB2DAD6-AA7C-45A9-A560-70E51CF0990F}.Debug|Mixed Platforms.Build.0 = Debug|Any CPU
		{2EB2DAD6-AA7C-45A9-A560-70E51CF0990F}.Debug|Win32.ActiveCfg = Debug|Any CPU
		{2EB2DAD6-AA7C-45A9-A560-70E51CF0990F}.Release|Any CPU.ActiveCfg = Release|Any CPU
		{2EB2DAD6-AA7C-45A9-A560-70E51CF0990F}.Release|Any CPU.Build.0 = Release|Any CPU
		{2EB2DAD6-AA7C-45A9-A560-70E51CF0990F}.Release|Mixed Platforms.ActiveCfg = Release|Any CPU
		{2EB2DAD6-AA7C-45A9-A560-70E51CF0990F}.Release|Mixed Platforms.Build.0 = Release|Any CPU
		{2EB2DAD6-AA7C-45A9-A560-70E51CF0990F}.Release|Win32.ActiveCfg = Release|Any CPU
		{00E7968C-0ACA-4976-9662-D63AB8D45550}.Debug|Any CPU.ActiveCfg = Debug|Win32
		{00E7968C-0ACA-4976-9662-D63AB8D45550}.Debug|Mixed Platforms.ActiveCfg = Debug|Win32
		{00E7968C-0ACA-4976-9662-D63AB8D45550}.Debug|Mixed Platforms.Build.0 = Debug|Win32
		{00E7968C-0ACA-4976-9662-D63AB8D45550}.Debug|Win32.ActiveCfg = Debug|Win32
		{00E7968C-0ACA-4976-9662-D63AB8D45550}.Debug|Win32.Build.0 = Debug|Win32
		{00E7968C-0ACA-4976-9662-D63AB8D45550}.Release|Any CPU.ActiveCfg = Release|Win32
		{00E7968C-0ACA-4976-9662-D63AB8D45550}.Release|Mixed Platforms.ActiveCfg = Release|Win32
		{00E7968C-0ACA-4976-9662-D63AB8D45550}.Release|Mixed Platforms.Build.0 = Release|Win32
		{00E7968C-0ACA-4976-9662-D63AB8D45550}.Release|Win32.ActiveCfg = Release|Win32
		{00E7968C-0ACA-4976-9662-D63AB8D45550}.Release|Win32.Build.0 = Release|Win32
		{C7BD4354-38C6-43B4-B34D-0A7559C29594}.Debug|Any CPU.ActiveCfg = Debug|Win32
		{C7BD4354-38C6-43B4-B34D-0A7559C29594}.Debug|Mixed Platforms.ActiveCfg = Debug|Win32
		{C7BD4354-38C6-43B4-B34D-0A7559C29594}.Debug|Mixed Platforms.Build.0 = Debug|Win32
		{C7BD4354-38C6-43B4-B34D-0A7559C29594}.Debug|Win32.ActiveCfg = Debug|Win32
		{C7BD4354-38C6-43B4-B34D-0A7559C29594}.Debug|Win32.Build.0 = Debug|Win32
		{C7BD4354-38C6-43B4-B34D-0A7559C29594}.Release|Any CPU.ActiveCfg = Release|Win32
		{C7BD4354-38C6-43B4-B34D-0A7559C29594}.Release|Mixed Platforms.ActiveCfg = Release|Win32
		{C7BD4354-38C6-43B4-B34D-0A7559C29594}.Release|Mixed Platforms.Build.0 = Release|Win32
		{C7BD4354-38C6-43B4-B34D-0A7559C29594}.Release|Win32.ActiveCfg = Release|Win32
		{C7BD4354-38C6-43B4-B34D-0A7559C29594}.Release|Win32.Build.0 = Release|Win32
		{3CDEDF2D-6B45-4929-A38F-A7AF4B57F1F9}.Debug|Any CPU.ActiveCfg = Debug|Win32
		{3CDEDF2D-6B45-4929-A38F-A7AF4B57F1F9}.Debug|Mixed Platforms.ActiveCfg = Debug|Win32
		{3CDEDF2D-6B45-4929-A38F-A7AF4B57F1F9}.Debug|Mixed Platforms.Build.0 = Debug|Win32
		{3CDEDF2D-6B45-4929-A38F-A7AF4B57F1F9}.Debug|Win32.ActiveCfg = Debug|Win32
		{3CDEDF2D-6B45-4929-A38F-A7AF4B57F1F9}.Debug|Win32.Build.0 = Debug|Win32
		{3CDEDF2D-6B45-4929-A38F-A7AF4B57F1F9}.Release|Any CPU.ActiveCfg = Release|Win32
		{3CDEDF2D-6B45-4929-A38F-A7AF4B57F1F9}.Release|Mixed Platforms.ActiveCfg = Release|Win32
		{3CDEDF2D-6B45-4929-A38F-A7AF4B57F1F9}.Release|Mixed Platforms.Build.0 = Release|Win32
		{3CDEDF2D-6B45-4929-A38F-A7AF4B57F1F9}.Release|Win32.ActiveCfg = Release|Win32
		{3CDEDF2D-6B45-4929-A38F-A7AF4B57F1F9}.Release|Win32.Build.0 = Release|Win32
		{A3A45B25-B67C-4DB0-A4A2-65DBD79A4451}.Debug|Any CPU.ActiveCfg = Debug|Win32
		{A3A45B25-B67C-4DB0-A4A2-65DBD79A4451}.Debug|Mixed Platforms.ActiveCfg = Debug|Win32
		{A3A45B25-B67C-4DB0-A4A2-65DBD79A4451}.Debug|Mixed Platforms.Build.0 = Debug|Win32
		{A3A45B25-B67C-4DB0-A4A2-65DBD79A4451}.Debug|Win32.ActiveCfg = Debug|Win32
		{A3A45B25-B67C-4DB0-A4A2-65DBD79A4451}.Debug|Win32.Build.0 = Debug|Win32
		{A3A45B25-B67C-4DB0-A4A2-65DBD79A4451}.Release|Any CPU.ActiveCfg = Release|Win32
		{A3A45B25-B67C-4DB0-A4A2-65DBD79A4451}.Release|Mixed Platforms.ActiveCfg = Release|Win32
		{A3A45B25-B67C-4DB0-A4A2-65DBD79A4451}.Release|Mixed Platforms.Build.0 = Release|Win32
		{A3A45B25-B67C-4DB0-A4A2-65DBD79A4451}.Release|Win32.ActiveCfg = Release|Win32
		{A3A45B25-B67C-4DB0-A4A2-65DBD79A4451}.Release|Win32.Build.0 = Release|Win32
		{64E8D146-A1E5-482C-8319-95E7A5872F92}.Debug|Any CPU.ActiveCfg = Debug|Any CPU
		{64E8D146-A1E5-482C-8319-95E7A5872F92}.Debug|Any CPU.Build.0 = Debug|Any CPU
		{64E8D146-A1E5-482C-8319-95E7A5872F92}.Debug|Mixed Platforms.ActiveCfg = Debug|Any CPU
		{64E8D146-A1E5-482C-8319-95E7A5872F92}.Debug|Mixed Platforms.Build.0 = Debug|Any CPU
		{64E8D146-A1E5-482C-8319-95E7A5872F92}.Debug|Win32.ActiveCfg = Debug|Any CPU
		{64E8D146-A1E5-482C-8319-95E7A5872F92}.Release|Any CPU.ActiveCfg = Release|Any CPU
		{64E8D146-A1E5-482C-8319-95E7A5872F92}.Release|Any CPU.Build.0 = Release|Any CPU
		{64E8D146-A1E5-482C-8319-95E7A5872F92}.Release|Mixed Platforms.ActiveCfg = Release|Any CPU
		{64E8D146-A1E5-482C-8319-95E7A5872F92}.Release|Mixed Platforms.Build.0 = Release|Any CPU
		{64E8D146-A1E5-482C-8319-95E7A5872F92}.Release|Win32.ActiveCfg = Release|Any CPU
		{F6BD596D-2003-4476-ACD9-0A0CA001BAEB}.Debug|Any CPU.ActiveCfg = Debug|Win32
		{F6BD596D-2003-4476-ACD9-0A0CA001BAEB}.Debug|Mixed Platforms.ActiveCfg = Debug|Win32
		{F6BD596D-2003-4476-ACD9-0A0CA001BAEB}.Debug|Mixed Platforms.Build.0 = Debug|Win32
		{F6BD596D-2003-4476-ACD9-0A0CA001BAEB}.Debug|Win32.ActiveCfg = Debug|Win32
		{F6BD596D-2003-4476-ACD9-0A0CA001BAEB}.Debug|Win32.Build.0 = Debug|Win32
		{F6BD596D-2003-4476-ACD9-0A0CA001BAEB}.Release|Any CPU.ActiveCfg = Release|Win32
		{F6BD596D-2003-4476-ACD9-0A0CA001BAEB}.Release|Mixed Platforms.ActiveCfg = Release|Win32
		{F6BD596D-2003-4476-ACD9-0A0CA001BAEB}.Release|Mixed Platforms.Build.0 = Release|Win32
		{F6BD596D-2003-4476-ACD9-0A0CA001BAEB}.Release|Win32.ActiveCfg = Release|Win32
		{F6BD596D-2003-4476-ACD9-0A0CA001BAEB}.Release|Win32.Build.0 = Release|Win32
		{2DB48A92-0C0E-4AD0-9C1C-F69D4D863375}.Debug|Any CPU.ActiveCfg = Debug|Win32
		{2DB48A92-0C0E-4AD0-9C1C-F69D4D863375}.Debug|Mixed Platforms.ActiveCfg = Debug|Win32
		{2DB48A92-0C0E-4AD0-9C1C-F69D4D863375}.Debug|Mixed Platforms.Build.0 = Debug|Win32
		{2DB48A92-0C0E-4AD0-9C1C-F69D4D863375}.Debug|Win32.ActiveCfg = Debug|Win32
		{2DB48A92-0C0E-4AD0-9C1C-F69D4D863375}.Debug|Win32.Build.0 = Debug|Win32
		{2DB48A92-0C0E-4AD0-9C1C-F69D4D863375}.Release|Any CPU.ActiveCfg = Release|Win32
		{2DB48A92-0C0E-4AD0-9C1C-F69D4D863375}.Release|Mixed Platforms.ActiveCfg = Release|Win32
		{2DB48A92-0C0E-4AD0-9C1C-F69D4D863375}.Release|Mixed Platforms.Build.0 = Release|Win32
		{2DB48A92-0C0E-4AD0-9C1C-F69D4D863375}.Release|Win32.ActiveCfg = Release|Win32
		{2DB48A92-0C0E-4AD0-9C1C-F69D4D863375}.Release|Win32.Build.0 = Release|Win32
		{1ED19040-C097-4573-B007-A48497369DD3}.Debug|Any CPU.ActiveCfg = Debug|Win32
		{1ED19040-C097-4573-B007-A48497369DD3}.Debug|Mixed Platforms.ActiveCfg = Debug|Win32
		{1ED19040-C097-4573-B007-A48497369DD3}.Debug|Mixed Platforms.Build.0 = Debug|Win32
		{1ED19040-C097-4573-B007-A48497369DD3}.Debug|Win32.ActiveCfg = Debug|Win32
		{1ED19040-C097-4573-B007-A48497369DD3}.Debug|Win32.Build.0 = Debug|Win32
		{1ED19040-C097-4573-B007-A48497369DD3}.Release|Any CPU.ActiveCfg = Release|Win32
		{1ED19040-C097-4573-B007-A48497369DD3}.Release|Mixed Platforms.ActiveCfg = Release|Win32
		{1ED19040-C097-4573-B007-A48497369DD3}.Release|Mixed Platforms.Build.0 = Release|Win32
		{1ED19040-C097-4573-B007-A48497369DD3}.Release|Win32.ActiveCfg = Release|Win32
		{1ED19040-C097-4573-B007-A48497369DD3}.Release|Win32.Build.0 = Release|Win32
		{BAB19686-3612-4AC8-9D09-2DAE408983B3}.Debug|Any CPU.ActiveCfg = Debug|Win32
		{BAB19686-3612-4AC8-9D09-2DAE408983B3}.Debug|Mixed Platforms.ActiveCfg = Debug|Win32
		{BAB19686-3612-4AC8-9D09-2DAE408983B3}.Debug|Mixed Platforms.Build.0 = Debug|Win32
		{BAB19686-3612-4AC8-9D09-2DAE408983B3}.Debug|Win32.ActiveCfg = Debug|Win32
		{BAB19686-3612-4AC8-9D09-2DAE408983B3}.Debug|Win32.Build.0 = Debug|Win32
		{BAB19686-3612-4AC8-9D09-2DAE408983B3}.Release|Any CPU.ActiveCfg = Release|Win32
		{BAB19686-3612-4AC8-9D09-2DAE408983B3}.Release|Mixed Platforms.ActiveCfg = Release|Win32
		{BAB19686-3612-4AC8-9D09-2DAE408983B3}.Release|Mixed Platforms.Build.0 = Release|Win32
		{BAB19686-3612-4AC8-9D09-2DAE408983B3}.Release|Win32.ActiveCfg = Release|Win32
		{BAB19686-3612-4AC8-9D09-2DAE408983B3}.Release|Win32.Build.0 = Release|Win32
	EndGlobalSection
	GlobalSection(SolutionProperties) = preSolution
		HideSolutionNode = FALSE
	EndGlobalSection
EndGlobal
